# This file is autogenerated, do not edit; changes may be undone by the next 'dep ensure'.


[[projects]]
  name = "github.com/go-redis/redis"
  packages = [".","internal","internal/consistenthash","internal/hashtag","internal/pool","internal/proto"]
  revision = "e5e021257bfc6d5fbf0beac33e30194311fb189f"
  version = "v6.7.4"

[[projects]]
  name = "github.com/johnthegreenobrien/Alliggator"
  packages = [".","models"]
  revision = "260810e79854f1dc7902103b26314e4a6e1db46a"
  version = "v1.0"

[[projects]]
  name = "github.com/johnthegreenobrien/LogIt"
  packages = ["."]
  revision = "f6d8567b98afa4a250c4def1802fdb7a008c5e7a"
  version = "v1.0.1"

[[projects]]
  name = "github.com/julienschmidt/httprouter"
  packages = ["."]
  revision = "8c199fb6259ffc1af525cc3ad52ee60ba8359669"
  version = "v1.1"

[[projects]]
  branch = "v2"
  name = "gopkg.in/mgo.v2"
  packages = [".","bson","internal/json","internal/sasl","internal/scram"]
  revision = "3f83fa5005286a7fe593b055f0d7771a7dce4655"

[solve-meta]
  analyzer-name = "dep"
  analyzer-version = 1
  inputs-digest = "a0ea38c80602bbd74463cabd380d4e525fc77ddf30dde0c1460f1beef26c0517"
  solver-name = "gps-cdcl"
  solver-version = 1
