# This file is autogenerated, do not edit; changes may be undone by the next 'dep ensure'.


[[projects]]
  name = "github.com/go-redis/redis"
  packages = [".","internal","internal/consistenthash","internal/hashtag","internal/pool","internal/proto"]
  revision = "e5e021257bfc6d5fbf0beac33e30194311fb189f"
  version = "v6.7.4"

[[projects]]
  name = "github.com/johnthegreenobrien/Alliggator"
  packages = [".","models"]
  revision = "260810e79854f1dc7902103b26314e4a6e1db46a"
  version = "v1.0"

[[projects]]
  name = "github.com/johnthegreenobrien/LogIt"
  packages = ["."]
  revision = "6efdee55b7df3be03cb6650d3fc3a123559c395b"
  version = "v1.0.0"

[[projects]]
  name = "github.com/julienschmidt/httprouter"
  packages = ["."]
  revision = "8c199fb6259ffc1af525cc3ad52ee60ba8359669"
  version = "v1.1"

[[projects]]
  branch = "v2"
  name = "gopkg.in/mgo.v2"
  packages = [".","bson","internal/json","internal/sasl","internal/scram"]
  revision = "3f83fa5005286a7fe593b055f0d7771a7dce4655"

[solve-meta]
  analyzer-name = "dep"
  analyzer-version = 1
  inputs-digest = "ed48a067b0b2b4cf366780c4eef8ad22618e59e9b5de4c22c9e7782fec6050c0"
  solver-name = "gps-cdcl"
  solver-version = 1
